
Microsoft Visual Studio Solution File, Format Version 12.00
# Visual Studio Version 17
VisualStudioVersion = 17.13.35931.197 d17.13
MinimumVisualStudioVersion = 10.0.40219.1
Project("{FAE04EC0-301F-11D3-BF4B-00C04F79EFBC}") = "nnhNetCoreMVCLAB5", "nnhNetCoreMVCLAB5.csproj", "{B7A6AB68-AF91-4C05-8DAD-692AEDB7FCD6}"
EndProject
Global
	GlobalSection(SolutionConfigurationPlatforms) = preSolution
		Debug|Any CPU = Debug|Any CPU
		Release|Any CPU = Release|Any CPU
	EndGlobalSection
	GlobalSection(ProjectConfigurationPlatforms) = postSolution
		{B7A6AB68-AF91-4C05-8DAD-692AEDB7FCD6}.Debug|Any CPU.ActiveCfg = Debug|Any CPU
		{B7A6AB68-AF91-4C05-8DAD-692AEDB7FCD6}.Debug|Any CPU.Build.0 = Debug|Any CPU
		{B7A6AB68-AF91-4C05-8DAD-692AEDB7FCD6}.Release|Any CPU.ActiveCfg = Release|Any CPU
		{B7A6AB68-AF91-4C05-8DAD-692AEDB7FCD6}.Release|Any CPU.Build.0 = Release|Any CPU
	EndGlobalSection
	GlobalSection(SolutionProperties) = preSolution
		HideSolutionNode = FALSE
	EndGlobalSection
	GlobalSection(ExtensibilityGlobals) = postSolution
		SolutionGuid = {62312A99-B2FA-4055-80F4-183D0AD68D2C}
	EndGlobalSection
EndGlobal
